
Microsoft Visual Studio Solution File, Format Version 12.00
# Visual Studio Version 17
VisualStudioVersion = 17.14.37216.2
MinimumVisualStudioVersion = 10.0.40219.1
Project("{FAE04EC0-301F-11D3-BF4B-00C04F79EFBC}") = "TodoApp", "TaskManagagerWith_priority_and_Calendar\TodoApp.csproj", "{BECB8C54-CFEB-445E-8E08-9848E822C346}"
EndProject
Global
	GlobalSection(SolutionConfigurationPlatforms) = preSolution
		Debug|Any CPU = Debug|Any CPU
		Release|Any CPU = Release|Any CPU
	EndGlobalSection
	GlobalSection(ProjectConfigurationPlatforms) = postSolution
		{BECB8C54-CFEB-445E-8E08-9848E822C346}.Debug|Any CPU.ActiveCfg = Debug|Any CPU
		{BECB8C54-CFEB-445E-8E08-9848E822C346}.Debug|Any CPU.Build.0 = Debug|Any CPU
		{BECB8C54-CFEB-445E-8E08-9848E822C346}.Release|Any CPU.ActiveCfg = Release|Any CPU
		{BECB8C54-CFEB-445E-8E08-9848E822C346}.Release|Any CPU.Build.0 = Release|Any CPU
	EndGlobalSection
	GlobalSection(SolutionProperties) = preSolution
		HideSolutionNode = FALSE
	EndGlobalSection
	GlobalSection(ExtensibilityGlobals) = postSolution
		SolutionGuid = {6761E9D9-3E5B-490B-A5B3-F3338454E216}
	EndGlobalSection
EndGlobal
